
Microsoft Visual Studio Solution File, Format Version 12.00
# Visual Studio Version 16
VisualStudioVersion = 16.0.30011.22
MinimumVisualStudioVersion = 10.0.40219.1
Project("{2150E333-8FDC-42A3-9474-1A3956D46DE8}") = "02 - TDD", "02 - TDD", "{0E3ADE69-7439-4DB7-85DD-902EB003D31D}"
EndProject
Project("{2150E333-8FDC-42A3-9474-1A3956D46DE8}") = "Tests", "Tests", "{BC58221C-253E-49A3-8A5D-EBA53441498C}"
EndProject
Project("{9A19103F-16F7-4668-BE54-9A1E7A4F7556}") = "NerdStore.Vendas.Domain", "src\NerdStore.Vendas.Domain\NerdStore.Vendas.Domain.csproj", "{32A178C6-624E-4A2E-A232-4BE7E565D4C2}"
EndProject
Project("{9A19103F-16F7-4668-BE54-9A1E7A4F7556}") = "NerdStore.Vendas.Domain.Tests", "tests\NerdStore.Vendas.Domain.Tests\NerdStore.Vendas.Domain.Tests.csproj", "{3949F20C-2AE6-4B72-ABE8-BC38A78DE72C}"
EndProject
Project("{9A19103F-16F7-4668-BE54-9A1E7A4F7556}") = "NerdStore.Core", "src\NerdStore.Core\NerdStore.Core.csproj", "{1CFAF373-F246-444F-A700-2B280CC05E23}"
EndProject
Project("{9A19103F-16F7-4668-BE54-9A1E7A4F7556}") = "NerdStore.Vendas.Application.Tests", "tests\NerdStore.Vendas.Application.Tests\NerdStore.Vendas.Application.Tests.csproj", "{CA6C52CE-10F5-4DF6-B5F3-F5CDC51D3E05}"
EndProject
Project("{9A19103F-16F7-4668-BE54-9A1E7A4F7556}") = "NerdStore.Vendas.Application", "src\NerdStore.Vendas.Application\NerdStore.Vendas.Application.csproj", "{F4CA0708-BFBC-4E5F-B8F0-0FFA982BD4AC}"
EndProject
Project("{9A19103F-16F7-4668-BE54-9A1E7A4F7556}") = "NerdStore.Vendas.Data", "src\NerdStore.Vendas.Data\NerdStore.Vendas.Data.csproj", "{2DAFFBCC-428C-4036-A350-2A6C2872CDCD}"
EndProject
Project("{2150E333-8FDC-42A3-9474-1A3956D46DE8}") = "03 - Testes de Integração", "03 - Testes de Integração", "{C961467E-E2ED-4FBA-8A43-EC099848EFB0}"
EndProject
Project("{9A19103F-16F7-4668-BE54-9A1E7A4F7556}") = "NerdStore.Catalogo.Application", "src\NerdStore.Catalogo.Application\NerdStore.Catalogo.Application.csproj", "{0BA83D0B-1878-447C-BA9D-D6349A2E5840}"
EndProject
Project("{9A19103F-16F7-4668-BE54-9A1E7A4F7556}") = "NerdStore.Catalogo.Data", "src\NerdStore.Catalogo.Data\NerdStore.Catalogo.Data.csproj", "{4B403E71-DAC5-4D00-BA0F-2D75C2BAFA24}"
EndProject
Project("{9A19103F-16F7-4668-BE54-9A1E7A4F7556}") = "NerdStore.Catalogo.Domain", "src\NerdStore.Catalogo.Domain\NerdStore.Catalogo.Domain.csproj", "{A2B4C52E-694D-4EE5-816A-E5BBA0359085}"
EndProject
Project("{9A19103F-16F7-4668-BE54-9A1E7A4F7556}") = "NerdStore.WebApp.MVC", "src\NerdStore.WebApp.MVC\NerdStore.WebApp.MVC.csproj", "{CC446F2E-8A26-42B5-9BFC-EF6F9143718D}"
EndProject
Project("{2150E333-8FDC-42A3-9474-1A3956D46DE8}") = "Integration Tests", "Integration Tests", "{7DB610F5-438D-4C68-8348-3B8C63E9B9BA}"
EndProject
Project("{9A19103F-16F7-4668-BE54-9A1E7A4F7556}") = "NerdStore.WebApp.Tests", "tests\NerdStore.WebApp.Tests\NerdStore.WebApp.Tests.csproj", "{FF9B5D6B-6548-4BF4-897D-B896ABCCF7EF}"
EndProject
Project("{2150E333-8FDC-42A3-9474-1A3956D46DE8}") = "04 - BDD", "04 - BDD", "{4C324459-AF1B-4D61-8F10-9E4D8D01396D}"
EndProject
Project("{FAE04EC0-301F-11D3-BF4B-00C04F79EFBC}") = "NerdStore.BDD.Tests", "tests\NerdStore.BDD.Tests\NerdStore.BDD.Tests.csproj", "{4F0AF7A0-B35B-4198-AED1-B9BF6E37EC24}"
EndProject
Global
	GlobalSection(SolutionConfigurationPlatforms) = preSolution
		Debug|Any CPU = Debug|Any CPU
		Release|Any CPU = Release|Any CPU
	EndGlobalSection
	GlobalSection(ProjectConfigurationPlatforms) = postSolution
		{32A178C6-624E-4A2E-A232-4BE7E565D4C2}.Debug|Any CPU.ActiveCfg = Debug|Any CPU
		{32A178C6-624E-4A2E-A232-4BE7E565D4C2}.Debug|Any CPU.Build.0 = Debug|Any CPU
		{32A178C6-624E-4A2E-A232-4BE7E565D4C2}.Release|Any CPU.ActiveCfg = Release|Any CPU
		{32A178C6-624E-4A2E-A232-4BE7E565D4C2}.Release|Any CPU.Build.0 = Release|Any CPU
		{3949F20C-2AE6-4B72-ABE8-BC38A78DE72C}.Debug|Any CPU.ActiveCfg = Debug|Any CPU
		{3949F20C-2AE6-4B72-ABE8-BC38A78DE72C}.Debug|Any CPU.Build.0 = Debug|Any CPU
		{3949F20C-2AE6-4B72-ABE8-BC38A78DE72C}.Release|Any CPU.ActiveCfg = Release|Any CPU
		{3949F20C-2AE6-4B72-ABE8-BC38A78DE72C}.Release|Any CPU.Build.0 = Release|Any CPU
		{1CFAF373-F246-444F-A700-2B280CC05E23}.Debug|Any CPU.ActiveCfg = Debug|Any CPU
		{1CFAF373-F246-444F-A700-2B280CC05E23}.Debug|Any CPU.Build.0 = Debug|Any CPU
		{1CFAF373-F246-444F-A700-2B280CC05E23}.Release|Any CPU.ActiveCfg = Release|Any CPU
		{1CFAF373-F246-444F-A700-2B280CC05E23}.Release|Any CPU.Build.0 = Release|Any CPU
		{CA6C52CE-10F5-4DF6-B5F3-F5CDC51D3E05}.Debug|Any CPU.ActiveCfg = Debug|Any CPU
		{CA6C52CE-10F5-4DF6-B5F3-F5CDC51D3E05}.Debug|Any CPU.Build.0 = Debug|Any CPU
		{CA6C52CE-10F5-4DF6-B5F3-F5CDC51D3E05}.Release|Any CPU.ActiveCfg = Release|Any CPU
		{CA6C52CE-10F5-4DF6-B5F3-F5CDC51D3E05}.Release|Any CPU.Build.0 = Release|Any CPU
		{F4CA0708-BFBC-4E5F-B8F0-0FFA982BD4AC}.Debug|Any CPU.ActiveCfg = Debug|Any CPU
		{F4CA0708-BFBC-4E5F-B8F0-0FFA982BD4AC}.Debug|Any CPU.Build.0 = Debug|Any CPU
		{F4CA0708-BFBC-4E5F-B8F0-0FFA982BD4AC}.Release|Any CPU.ActiveCfg = Release|Any CPU
		{F4CA0708-BFBC-4E5F-B8F0-0FFA982BD4AC}.Release|Any CPU.Build.0 = Release|Any CPU
		{2DAFFBCC-428C-4036-A350-2A6C2872CDCD}.Debug|Any CPU.ActiveCfg = Debug|Any CPU
		{2DAFFBCC-428C-4036-A350-2A6C2872CDCD}.Debug|Any CPU.Build.0 = Debug|Any CPU
		{2DAFFBCC-428C-4036-A350-2A6C2872CDCD}.Release|Any CPU.ActiveCfg = Release|Any CPU
		{2DAFFBCC-428C-4036-A350-2A6C2872CDCD}.Release|Any CPU.Build.0 = Release|Any CPU
		{0BA83D0B-1878-447C-BA9D-D6349A2E5840}.Debug|Any CPU.ActiveCfg = Debug|Any CPU
		{0BA83D0B-1878-447C-BA9D-D6349A2E5840}.Debug|Any CPU.Build.0 = Debug|Any CPU
		{0BA83D0B-1878-447C-BA9D-D6349A2E5840}.Release|Any CPU.ActiveCfg = Release|Any CPU
		{0BA83D0B-1878-447C-BA9D-D6349A2E5840}.Release|Any CPU.Build.0 = Release|Any CPU
		{4B403E71-DAC5-4D00-BA0F-2D75C2BAFA24}.Debug|Any CPU.ActiveCfg = Debug|Any CPU
		{4B403E71-DAC5-4D00-BA0F-2D75C2BAFA24}.Debug|Any CPU.Build.0 = Debug|Any CPU
		{4B403E71-DAC5-4D00-BA0F-2D75C2BAFA24}.Release|Any CPU.ActiveCfg = Release|Any CPU
		{4B403E71-DAC5-4D00-BA0F-2D75C2BAFA24}.Release|Any CPU.Build.0 = Release|Any CPU
		{A2B4C52E-694D-4EE5-816A-E5BBA0359085}.Debug|Any CPU.ActiveCfg = Debug|Any CPU
		{A2B4C52E-694D-4EE5-816A-E5BBA0359085}.Debug|Any CPU.Build.0 = Debug|Any CPU
		{A2B4C52E-694D-4EE5-816A-E5BBA0359085}.Release|Any CPU.ActiveCfg = Release|Any CPU
		{A2B4C52E-694D-4EE5-816A-E5BBA0359085}.Release|Any CPU.Build.0 = Release|Any CPU
		{CC446F2E-8A26-42B5-9BFC-EF6F9143718D}.Debug|Any CPU.ActiveCfg = Debug|Any CPU
		{CC446F2E-8A26-42B5-9BFC-EF6F9143718D}.Debug|Any CPU.Build.0 = Debug|Any CPU
		{CC446F2E-8A26-42B5-9BFC-EF6F9143718D}.Release|Any CPU.ActiveCfg = Release|Any CPU
		{CC446F2E-8A26-42B5-9BFC-EF6F9143718D}.Release|Any CPU.Build.0 = Release|Any CPU
		{FF9B5D6B-6548-4BF4-897D-B896ABCCF7EF}.Debug|Any CPU.ActiveCfg = Debug|Any CPU
		{FF9B5D6B-6548-4BF4-897D-B896ABCCF7EF}.Debug|Any CPU.Build.0 = Debug|Any CPU
		{FF9B5D6B-6548-4BF4-897D-B896ABCCF7EF}.Release|Any CPU.ActiveCfg = Release|Any CPU
		{FF9B5D6B-6548-4BF4-897D-B896ABCCF7EF}.Release|Any CPU.Build.0 = Release|Any CPU
		{4F0AF7A0-B35B-4198-AED1-B9BF6E37EC24}.Debug|Any CPU.ActiveCfg = Debug|Any CPU
		{4F0AF7A0-B35B-4198-AED1-B9BF6E37EC24}.Debug|Any CPU.Build.0 = Debug|Any CPU
		{4F0AF7A0-B35B-4198-AED1-B9BF6E37EC24}.Release|Any CPU.ActiveCfg = Release|Any CPU
		{4F0AF7A0-B35B-4198-AED1-B9BF6E37EC24}.Release|Any CPU.Build.0 = Release|Any CPU
	EndGlobalSection
	GlobalSection(SolutionProperties) = preSolution
		HideSolutionNode = FALSE
	EndGlobalSection
	GlobalSection(NestedProjects) = preSolution
		{BC58221C-253E-49A3-8A5D-EBA53441498C} = {0E3ADE69-7439-4DB7-85DD-902EB003D31D}
		{32A178C6-624E-4A2E-A232-4BE7E565D4C2} = {0E3ADE69-7439-4DB7-85DD-902EB003D31D}
		{3949F20C-2AE6-4B72-ABE8-BC38A78DE72C} = {BC58221C-253E-49A3-8A5D-EBA53441498C}
		{1CFAF373-F246-444F-A700-2B280CC05E23} = {0E3ADE69-7439-4DB7-85DD-902EB003D31D}
		{CA6C52CE-10F5-4DF6-B5F3-F5CDC51D3E05} = {BC58221C-253E-49A3-8A5D-EBA53441498C}
		{F4CA0708-BFBC-4E5F-B8F0-0FFA982BD4AC} = {0E3ADE69-7439-4DB7-85DD-902EB003D31D}
		{2DAFFBCC-428C-4036-A350-2A6C2872CDCD} = {0E3ADE69-7439-4DB7-85DD-902EB003D31D}
		{0BA83D0B-1878-447C-BA9D-D6349A2E5840} = {C961467E-E2ED-4FBA-8A43-EC099848EFB0}
		{4B403E71-DAC5-4D00-BA0F-2D75C2BAFA24} = {C961467E-E2ED-4FBA-8A43-EC099848EFB0}
		{A2B4C52E-694D-4EE5-816A-E5BBA0359085} = {C961467E-E2ED-4FBA-8A43-EC099848EFB0}
		{CC446F2E-8A26-42B5-9BFC-EF6F9143718D} = {C961467E-E2ED-4FBA-8A43-EC099848EFB0}
		{7DB610F5-438D-4C68-8348-3B8C63E9B9BA} = {C961467E-E2ED-4FBA-8A43-EC099848EFB0}
		{FF9B5D6B-6548-4BF4-897D-B896ABCCF7EF} = {7DB610F5-438D-4C68-8348-3B8C63E9B9BA}
		{4F0AF7A0-B35B-4198-AED1-B9BF6E37EC24} = {4C324459-AF1B-4D61-8F10-9E4D8D01396D}
	EndGlobalSection
	GlobalSection(ExtensibilityGlobals) = postSolution
		SolutionGuid = {8F09B004-1E1F-4655-9D4A-017D15482FF4}
	EndGlobalSection
EndGlobal
