
Microsoft Visual Studio Solution File, Format Version 12.00
# Visual Studio Version 16
VisualStudioVersion = 16.0.30011.22
MinimumVisualStudioVersion = 10.0.40219.1
Project("{2150E333-8FDC-42A3-9474-1A3956D46DE8}") = "02 - TDD", "02 - TDD", "{0E3ADE69-7439-4DB7-85DD-902EB003D31D}"
EndProject
Project("{2150E333-8FDC-42A3-9474-1A3956D46DE8}") = "Tests", "Tests", "{BC58221C-253E-49A3-8A5D-EBA53441498C}"
EndProject
Project("{9A19103F-16F7-4668-BE54-9A1E7A4F7556}") = "NerdStore.Vendas.Domain", "src\NerdStore.Vendas.Domain\NerdStore.Vendas.Domain.csproj", "{32A178C6-624E-4A2E-A232-4BE7E565D4C2}"
EndProject
Project("{9A19103F-16F7-4668-BE54-9A1E7A4F7556}") = "NerdStore.Vendas.Domain.Tests", "tests\NerdStore.Vendas.Domain.Tests\NerdStore.Vendas.Domain.Tests.csproj", "{3949F20C-2AE6-4B72-ABE8-BC38A78DE72C}"
EndProject
Project("{FAE04EC0-301F-11D3-BF4B-00C04F79EFBC}") = "NerdStore.Core", "src\NerdStore.Core\NerdStore.Core.csproj", "{1CFAF373-F246-444F-A700-2B280CC05E23}"
EndProject
Global
	GlobalSection(SolutionConfigurationPlatforms) = preSolution
		Debug|Any CPU = Debug|Any CPU
		Release|Any CPU = Release|Any CPU
	EndGlobalSection
	GlobalSection(ProjectConfigurationPlatforms) = postSolution
		{32A178C6-624E-4A2E-A232-4BE7E565D4C2}.Debug|Any CPU.ActiveCfg = Debug|Any CPU
		{32A178C6-624E-4A2E-A232-4BE7E565D4C2}.Debug|Any CPU.Build.0 = Debug|Any CPU
		{32A178C6-624E-4A2E-A232-4BE7E565D4C2}.Release|Any CPU.ActiveCfg = Release|Any CPU
		{32A178C6-624E-4A2E-A232-4BE7E565D4C2}.Release|Any CPU.Build.0 = Release|Any CPU
		{3949F20C-2AE6-4B72-ABE8-BC38A78DE72C}.Debug|Any CPU.ActiveCfg = Debug|Any CPU
		{3949F20C-2AE6-4B72-ABE8-BC38A78DE72C}.Debug|Any CPU.Build.0 = Debug|Any CPU
		{3949F20C-2AE6-4B72-ABE8-BC38A78DE72C}.Release|Any CPU.ActiveCfg = Release|Any CPU
		{3949F20C-2AE6-4B72-ABE8-BC38A78DE72C}.Release|Any CPU.Build.0 = Release|Any CPU
		{1CFAF373-F246-444F-A700-2B280CC05E23}.Debug|Any CPU.ActiveCfg = Debug|Any CPU
		{1CFAF373-F246-444F-A700-2B280CC05E23}.Debug|Any CPU.Build.0 = Debug|Any CPU
		{1CFAF373-F246-444F-A700-2B280CC05E23}.Release|Any CPU.ActiveCfg = Release|Any CPU
		{1CFAF373-F246-444F-A700-2B280CC05E23}.Release|Any CPU.Build.0 = Release|Any CPU
	EndGlobalSection
	GlobalSection(SolutionProperties) = preSolution
		HideSolutionNode = FALSE
	EndGlobalSection
	GlobalSection(NestedProjects) = preSolution
		{BC58221C-253E-49A3-8A5D-EBA53441498C} = {0E3ADE69-7439-4DB7-85DD-902EB003D31D}
		{32A178C6-624E-4A2E-A232-4BE7E565D4C2} = {0E3ADE69-7439-4DB7-85DD-902EB003D31D}
		{3949F20C-2AE6-4B72-ABE8-BC38A78DE72C} = {BC58221C-253E-49A3-8A5D-EBA53441498C}
		{1CFAF373-F246-444F-A700-2B280CC05E23} = {0E3ADE69-7439-4DB7-85DD-902EB003D31D}
	EndGlobalSection
	GlobalSection(ExtensibilityGlobals) = postSolution
		SolutionGuid = {8F09B004-1E1F-4655-9D4A-017D15482FF4}
	EndGlobalSection
EndGlobal
